PODS:
  - AFNetworking (3.1.0):
    - AFNetworking/NSURLSession (= 3.1.0)
    - AFNetworking/Reachability (= 3.1.0)
    - AFNetworking/Security (= 3.1.0)
    - AFNetworking/Serialization (= 3.1.0)
    - AFNetworking/UIKit (= 3.1.0)
  - AFNetworking/NSURLSession (3.1.0):
    - AFNetworking/Reachability
    - AFNetworking/Security
    - AFNetworking/Serialization
  - AFNetworking/Reachability (3.1.0)
  - AFNetworking/Security (3.1.0)
  - AFNetworking/Serialization (3.1.0)
  - AFNetworking/UIKit (3.1.0):
    - AFNetworking/NSURLSession
  - BaiduMapKit (3.3.2)
  - Bugly (2.4.6)
  - DACircularProgress (2.3.1)
  - FLAnimatedImage (1.0.12)
  - FMDB (2.6.2):
    - FMDB/standard (= 2.6.2)
  - FMDB/standard (2.6.2)
  - FMDBHelper (0.2.0):
    - FMDB (= 2.6.2)
  - iCarousel (1.8.3)
  - IQKeyboardManager (4.0.8)
  - MJExtension (3.0.13)
  - MJRefresh (3.1.12)
  - ReactiveCocoa (2.5):
    - ReactiveCocoa/UI (= 2.5)
  - ReactiveCocoa/Core (2.5):
    - ReactiveCocoa/no-arc
  - ReactiveCocoa/no-arc (2.5)
  - ReactiveCocoa/UI (2.5):
    - ReactiveCocoa/Core
  - SDAutoLayout (2.1.8)
  - SDWebImage (4.0.0):
    - SDWebImage/Core (= 4.0.0)
  - SDWebImage/Core (4.0.0)
  - SVProgressHUD (2.1.2)
  - SYPhotoBrowser (2.2):
    - DACircularProgress
    - SDWebImage
  - TTCounterLabel (1.2.0):
    - TTTAttributedLabel
  - TTTAttributedLabel (2.0.0)
  - YYImage (1.0.4):
    - YYImage/Core (= 1.0.4)
  - YYImage/Core (1.0.4)
  - YYText (1.0.7)

DEPENDENCIES:
  - AFNetworking (~> 3.1.0)
  - BaiduMapKit (~> 3.3.2)
  - Bugly (~> 2.4.6)
  - FLAnimatedImage (~> 1.0.12)
  - FMDBHelper (~> 0.2.0)
  - iCarousel (~> 1.8.3)
  - IQKeyboardManager (~> 4.0.8)
  - MJExtension (~> 3.0.13)
  - MJRefresh (~> 3.1.12)
  - ReactiveCocoa (~> 2.5)
  - SDAutoLayout (~> 2.1.8)
  - SDWebImage (~> 4.0.0)
  - SVProgressHUD (~> 2.1.2)
  - SYPhotoBrowser (~> 2.2)
  - TTCounterLabel (~> 1.2.0)
  - TTTAttributedLabel (~> 2.0.0)
  - YYImage (~> 1.0.4)
  - YYText (~> 1.0.7)

SPEC CHECKSUMS:
  AFNetworking: 5e0e199f73d8626b11e79750991f5d173d1f8b67
  BaiduMapKit: 5118390d63b375483bd64c963e8e32a40fd9ddb5
  Bugly: 7756e72c59387b0d490f46e83ab458ae94ee7fba
  DACircularProgress: 4dd437c0fc3da5161cb289e07ac449493d41db71
  FLAnimatedImage: 4a0b56255d9b05f18b6dd7ee06871be5d3b89e31
  FMDB: 854a0341b4726e53276f2a8996f06f1b80f9259a
  FMDBHelper: 8f6a750760fcc25a514eaae2063b720631724b77
  iCarousel: d782f635afac190c49bb8ee455882284cff8b85f
  IQKeyboardManager: 1a8189fa153bf09044355ee0ad36826f6767e7f7
  MJExtension: 5932755f451458eefa24239358817f8d291240c7
  MJRefresh: b96cdb21c4aa75a7b07654311ab2f315c497e806
  ReactiveCocoa: e2db045570aa97c695e7aa97c2bcab222ae51f4a
  SDAutoLayout: 5a4b48d6b8a5172ae8d088d2879e40dd795e6251
  SDWebImage: 76a6348bdc74eb5a55dd08a091ef298e56b55e41
  SVProgressHUD: c404a55d78acbeb7ebb78b76d3faf986475a6994
  SYPhotoBrowser: 3d07334dbcf6430f7f028f32a14f8ec77bc61fe2
  TTCounterLabel: 184be6e977525c57019d9ed03787048bd2fb115f
  TTTAttributedLabel: 8cffe8e127e4e82ff3af1e5386d4cd0ad000b656
  YYImage: 1e1b62a9997399593e4b9c4ecfbbabbf1d3f3b54
  YYText: 5c461d709e24d55a182d1441c41dc639a18a4849

PODFILE CHECKSUM: 3ac48c3eeeedf8b7345dded5fd5065dc831f1d7c

COCOAPODS: 1.2.1
